// !$*UTF8*$!
{
	archiveVersion = 1;
	classes = {
	};
	objectVersion = 46;
	objects = {

/* Begin PBXBuildFile section */
		B370306E1A8A5FFD00C7BDD1 /* main.m in Sources */ = {isa = PBXBuildFile; fileRef = B370306D1A8A5FFD00C7BDD1 /* main.m */; };
		B37030711A8A5FFD00C7BDD1 /* AppDelegate.m in Sources */ = {isa = PBXBuildFile; fileRef = B37030701A8A5FFD00C7BDD1 /* AppDelegate.m */; };
		B37030741A8A5FFD00C7BDD1 /* ViewController.m in Sources */ = {isa = PBXBuildFile; fileRef = B37030731A8A5FFD00C7BDD1 /* ViewController.m */; };
		B37030771A8A5FFD00C7BDD1 /* Main.storyboard in Resources */ = {isa = PBXBuildFile; fileRef = B37030751A8A5FFD00C7BDD1 /* Main.storyboard */; };
		B37030791A8A5FFD00C7BDD1 /* Images.xcassets in Resources */ = {isa = PBXBuildFile; fileRef = B37030781A8A5FFD00C7BDD1 /* Images.xcassets */; };
		B370307C1A8A5FFD00C7BDD1 /* LaunchScreen.xib in Resources */ = {isa = PBXBuildFile; fileRef = B370307A1A8A5FFD00C7BDD1 /* LaunchScreen.xib */; };
		B37030881A8A5FFD00C7BDD1 /* HttpRequestSampleTests.m in Sources */ = {isa = PBXBuildFile; fileRef = B37030871A8A5FFD00C7BDD1 /* HttpRequestSampleTests.m */; };
		B370309C1A8A631E00C7BDD1 /* LCBaseRequest.m in Sources */ = {isa = PBXBuildFile; fileRef = B37030991A8A631E00C7BDD1 /* LCBaseRequest.m */; };
		B370309D1A8A631E00C7BDD1 /* LCRequestManager.m in Sources */ = {isa = PBXBuildFile; fileRef = B370309B1A8A631E00C7BDD1 /* LCRequestManager.m */; };
/* End PBXBuildFile section */

/* Begin PBXContainerItemProxy section */
		B37030821A8A5FFD00C7BDD1 /* PBXContainerItemProxy */ = {
			isa = PBXContainerItemProxy;
			containerPortal = B37030601A8A5FFD00C7BDD1 /* Project object */;
			proxyType = 1;
			remoteGlobalIDString = B37030671A8A5FFD00C7BDD1;
			remoteInfo = HttpRequestSample;
		};
/* End PBXContainerItemProxy section */

/* Begin PBXFileReference section */
		B37030681A8A5FFD00C7BDD1 /* HttpRequestSample.app */ = {isa = PBXFileReference; explicitFileType = wrapper.application; includeInIndex = 0; path = HttpRequestSample.app; sourceTree = BUILT_PRODUCTS_DIR; };
		B370306C1A8A5FFD00C7BDD1 /* Info.plist */ = {isa = PBXFileReference; lastKnownFileType = text.plist.xml; path = Info.plist; sourceTree = "<group>"; };
		B370306D1A8A5FFD00C7BDD1 /* main.m */ = {isa = PBXFileReference; lastKnownFileType = sourcecode.c.objc; path = main.m; sourceTree = "<group>"; };
		B370306F1A8A5FFD00C7BDD1 /* AppDelegate.h */ = {isa = PBXFileReference; lastKnownFileType = sourcecode.c.h; path = AppDelegate.h; sourceTree = "<group>"; };
		B37030701A8A5FFD00C7BDD1 /* AppDelegate.m */ = {isa = PBXFileReference; lastKnownFileType = sourcecode.c.objc; path = AppDelegate.m; sourceTree = "<group>"; };
		B37030721A8A5FFD00C7BDD1 /* ViewController.h */ = {isa = PBXFileReference; lastKnownFileType = sourcecode.c.h; path = ViewController.h; sourceTree = "<group>"; };
		B37030731A8A5FFD00C7BDD1 /* ViewController.m */ = {isa = PBXFileReference; lastKnownFileType = sourcecode.c.objc; path = ViewController.m; sourceTree = "<group>"; };
		B37030761A8A5FFD00C7BDD1 /* Base */ = {isa = PBXFileReference; lastKnownFileType = file.storyboard; name = Base; path = Base.lproj/Main.storyboard; sourceTree = "<group>"; };
		B37030781A8A5FFD00C7BDD1 /* Images.xcassets */ = {isa = PBXFileReference; lastKnownFileType = folder.assetcatalog; path = Images.xcassets; sourceTree = "<group>"; };
		B370307B1A8A5FFD00C7BDD1 /* Base */ = {isa = PBXFileReference; lastKnownFileType = file.xib; name = Base; path = Base.lproj/LaunchScreen.xib; sourceTree = "<group>"; };
		B37030811A8A5FFD00C7BDD1 /* HttpRequestSampleTests.xctest */ = {isa = PBXFileReference; explicitFileType = wrapper.cfbundle; includeInIndex = 0; path = HttpRequestSampleTests.xctest; sourceTree = BUILT_PRODUCTS_DIR; };
		B37030861A8A5FFD00C7BDD1 /* Info.plist */ = {isa = PBXFileReference; lastKnownFileType = text.plist.xml; path = Info.plist; sourceTree = "<group>"; };
		B37030871A8A5FFD00C7BDD1 /* HttpRequestSampleTests.m */ = {isa = PBXFileReference; lastKnownFileType = sourcecode.c.objc; path = HttpRequestSampleTests.m; sourceTree = "<group>"; };
		B37030981A8A631E00C7BDD1 /* LCBaseRequest.h */ = {isa = PBXFileReference; fileEncoding = 4; lastKnownFileType = sourcecode.c.h; path = LCBaseRequest.h; sourceTree = "<group>"; };
		B37030991A8A631E00C7BDD1 /* LCBaseRequest.m */ = {isa = PBXFileReference; fileEncoding = 4; lastKnownFileType = sourcecode.c.objc; path = LCBaseRequest.m; sourceTree = "<group>"; };
		B370309A1A8A631E00C7BDD1 /* LCRequestManager.h */ = {isa = PBXFileReference; fileEncoding = 4; lastKnownFileType = sourcecode.c.h; path = LCRequestManager.h; sourceTree = "<group>"; };
		B370309B1A8A631E00C7BDD1 /* LCRequestManager.m */ = {isa = PBXFileReference; fileEncoding = 4; lastKnownFileType = sourcecode.c.objc; path = LCRequestManager.m; sourceTree = "<group>"; };
/* End PBXFileReference section */

/* Begin PBXFrameworksBuildPhase section */
		B37030651A8A5FFD00C7BDD1 /* Frameworks */ = {
			isa = PBXFrameworksBuildPhase;
			buildActionMask = 2147483647;
			files = (
			);
			runOnlyForDeploymentPostprocessing = 0;
		};
		B370307E1A8A5FFD00C7BDD1 /* Frameworks */ = {
			isa = PBXFrameworksBuildPhase;
			buildActionMask = 2147483647;
			files = (
			);
			runOnlyForDeploymentPostprocessing = 0;
		};
/* End PBXFrameworksBuildPhase section */

/* Begin PBXGroup section */
		B370305F1A8A5FFD00C7BDD1 = {
			isa = PBXGroup;
			children = (
				B370306A1A8A5FFD00C7BDD1 /* HttpRequestSample */,
				B37030841A8A5FFD00C7BDD1 /* HttpRequestSampleTests */,
				B37030691A8A5FFD00C7BDD1 /* Products */,
			);
			sourceTree = "<group>";
		};
		B37030691A8A5FFD00C7BDD1 /* Products */ = {
			isa = PBXGroup;
			children = (
				B37030681A8A5FFD00C7BDD1 /* HttpRequestSample.app */,
				B37030811A8A5FFD00C7BDD1 /* HttpRequestSampleTests.xctest */,
			);
			name = Products;
			sourceTree = "<group>";
		};
		B370306A1A8A5FFD00C7BDD1 /* HttpRequestSample */ = {
			isa = PBXGroup;
			children = (
				B37030911A8A604000C7BDD1 /* Classes */,
				B370306F1A8A5FFD00C7BDD1 /* AppDelegate.h */,
				B37030701A8A5FFD00C7BDD1 /* AppDelegate.m */,
				B37030721A8A5FFD00C7BDD1 /* ViewController.h */,
				B37030731A8A5FFD00C7BDD1 /* ViewController.m */,
				B37030751A8A5FFD00C7BDD1 /* Main.storyboard */,
				B37030781A8A5FFD00C7BDD1 /* Images.xcassets */,
				B370307A1A8A5FFD00C7BDD1 /* LaunchScreen.xib */,
				B370306B1A8A5FFD00C7BDD1 /* Supporting Files */,
			);
			path = HttpRequestSample;
			sourceTree = "<group>";
		};
		B370306B1A8A5FFD00C7BDD1 /* Supporting Files */ = {
			isa = PBXGroup;
			children = (
				B370306C1A8A5FFD00C7BDD1 /* Info.plist */,
				B370306D1A8A5FFD00C7BDD1 /* main.m */,
			);
			name = "Supporting Files";
			sourceTree = "<group>";
		};
		B37030841A8A5FFD00C7BDD1 /* HttpRequestSampleTests */ = {
			isa = PBXGroup;
			children = (
				B37030871A8A5FFD00C7BDD1 /* HttpRequestSampleTests.m */,
				B37030851A8A5FFD00C7BDD1 /* Supporting Files */,
			);
			path = HttpRequestSampleTests;
			sourceTree = "<group>";
		};
		B37030851A8A5FFD00C7BDD1 /* Supporting Files */ = {
			isa = PBXGroup;
			children = (
				B37030861A8A5FFD00C7BDD1 /* Info.plist */,
			);
			name = "Supporting Files";
			sourceTree = "<group>";
		};
		B37030911A8A604000C7BDD1 /* Classes */ = {
			isa = PBXGroup;
			children = (
				B37030981A8A631E00C7BDD1 /* LCBaseRequest.h */,
				B37030991A8A631E00C7BDD1 /* LCBaseRequest.m */,
				B370309A1A8A631E00C7BDD1 /* LCRequestManager.h */,
				B370309B1A8A631E00C7BDD1 /* LCRequestManager.m */,
			);
			path = Classes;
			sourceTree = "<group>";
		};
/* End PBXGroup section */

/* Begin PBXNativeTarget section */
		B37030671A8A5FFD00C7BDD1 /* HttpRequestSample */ = {
			isa = PBXNativeTarget;
			buildConfigurationList = B370308B1A8A5FFD00C7BDD1 /* Build configuration list for PBXNativeTarget "HttpRequestSample" */;
			buildPhases = (
				B37030641A8A5FFD00C7BDD1 /* Sources */,
				B37030651A8A5FFD00C7BDD1 /* Frameworks */,
				B37030661A8A5FFD00C7BDD1 /* Resources */,
			);
			buildRules = (
			);
			dependencies = (
			);
			name = HttpRequestSample;
			productName = HttpRequestSample;
			productReference = B37030681A8A5FFD00C7BDD1 /* HttpRequestSample.app */;
			productType = "com.apple.product-type.application";
		};
		B37030801A8A5FFD00C7BDD1 /* HttpRequestSampleTests */ = {
			isa = PBXNativeTarget;
			buildConfigurationList = B370308E1A8A5FFD00C7BDD1 /* Build configuration list for PBXNativeTarget "HttpRequestSampleTests" */;
			buildPhases = (
				B370307D1A8A5FFD00C7BDD1 /* Sources */,
				B370307E1A8A5FFD00C7BDD1 /* Frameworks */,
				B370307F1A8A5FFD00C7BDD1 /* Resources */,
			);
			buildRules = (
			);
			dependencies = (
				B37030831A8A5FFD00C7BDD1 /* PBXTargetDependency */,
			);
			name = HttpRequestSampleTests;
			productName = HttpRequestSampleTests;
			productReference = B37030811A8A5FFD00C7BDD1 /* HttpRequestSampleTests.xctest */;
			productType = "com.apple.product-type.bundle.unit-test";
		};
/* End PBXNativeTarget section */

/* Begin PBXProject section */
		B37030601A8A5FFD00C7BDD1 /* Project object */ = {
			isa = PBXProject;
			attributes = {
				LastUpgradeCheck = 0610;
				ORGANIZATIONNAME = "Perfectidea Inc.";
				TargetAttributes = {
					B37030671A8A5FFD00C7BDD1 = {
						CreatedOnToolsVersion = 6.1;
					};
					B37030801A8A5FFD00C7BDD1 = {
						CreatedOnToolsVersion = 6.1;
						TestTargetID = B37030671A8A5FFD00C7BDD1;
					};
				};
			};
			buildConfigurationList = B37030631A8A5FFD00C7BDD1 /* Build configuration list for PBXProject "HttpRequestSample" */;
			compatibilityVersion = "Xcode 3.2";
			developmentRegion = English;
			hasScannedForEncodings = 0;
			knownRegions = (
				en,
				Base,
			);
			mainGroup = B370305F1A8A5FFD00C7BDD1;
			productRefGroup = B37030691A8A5FFD00C7BDD1 /* Products */;
			projectDirPath = "";
			projectRoot = "";
			targets = (
				B37030671A8A5FFD00C7BDD1 /* HttpRequestSample */,
				B37030801A8A5FFD00C7BDD1 /* HttpRequestSampleTests */,
			);
		};
/* End PBXProject section */

/* Begin PBXResourcesBuildPhase section */
		B37030661A8A5FFD00C7BDD1 /* Resources */ = {
			isa = PBXResourcesBuildPhase;
			buildActionMask = 2147483647;
			files = (
				B37030771A8A5FFD00C7BDD1 /* Main.storyboard in Resources */,
				B370307C1A8A5FFD00C7BDD1 /* LaunchScreen.xib in Resources */,
				B37030791A8A5FFD00C7BDD1 /* Images.xcassets in Resources */,
			);
			runOnlyForDeploymentPostprocessing = 0;
		};
		B370307F1A8A5FFD00C7BDD1 /* Resources */ = {
			isa = PBXResourcesBuildPhase;
			buildActionMask = 2147483647;
			files = (
			);
			runOnlyForDeploymentPostprocessing = 0;
		};
/* End PBXResourcesBuildPhase section */

/* Begin PBXSourcesBuildPhase section */
		B37030641A8A5FFD00C7BDD1 /* Sources */ = {
			isa = PBXSourcesBuildPhase;
			buildActionMask = 2147483647;
			files = (
				B37030741A8A5FFD00C7BDD1 /* ViewController.m in Sources */,
				B370309C1A8A631E00C7BDD1 /* LCBaseRequest.m in Sources */,
				B37030711A8A5FFD00C7BDD1 /* AppDelegate.m in Sources */,
				B370309D1A8A631E00C7BDD1 /* LCRequestManager.m in Sources */,
				B370306E1A8A5FFD00C7BDD1 /* main.m in Sources */,
			);
			runOnlyForDeploymentPostprocessing = 0;
		};
		B370307D1A8A5FFD00C7BDD1 /* Sources */ = {
			isa = PBXSourcesBuildPhase;
			buildActionMask = 2147483647;
			files = (
				B37030881A8A5FFD00C7BDD1 /* HttpRequestSampleTests.m in Sources */,
			);
			runOnlyForDeploymentPostprocessing = 0;
		};
/* End PBXSourcesBuildPhase section */

/* Begin PBXTargetDependency section */
		B37030831A8A5FFD00C7BDD1 /* PBXTargetDependency */ = {
			isa = PBXTargetDependency;
			target = B37030671A8A5FFD00C7BDD1 /* HttpRequestSample */;
			targetProxy = B37030821A8A5FFD00C7BDD1 /* PBXContainerItemProxy */;
		};
/* End PBXTargetDependency section */

/* Begin PBXVariantGroup section */
		B37030751A8A5FFD00C7BDD1 /* Main.storyboard */ = {
			isa = PBXVariantGroup;
			children = (
				B37030761A8A5FFD00C7BDD1 /* Base */,
			);
			name = Main.storyboard;
			sourceTree = "<group>";
		};
		B370307A1A8A5FFD00C7BDD1 /* LaunchScreen.xib */ = {
			isa = PBXVariantGroup;
			children = (
				B370307B1A8A5FFD00C7BDD1 /* Base */,
			);
			name = LaunchScreen.xib;
			sourceTree = "<group>";
		};
/* End PBXVariantGroup section */

/* Begin XCBuildConfiguration section */
		B37030891A8A5FFD00C7BDD1 /* Debug */ = {
			isa = XCBuildConfiguration;
			buildSettings = {
				ALWAYS_SEARCH_USER_PATHS = NO;
				CLANG_CXX_LANGUAGE_STANDARD = "gnu++0x";
				CLANG_CXX_LIBRARY = "libc++";
				CLANG_ENABLE_MODULES = YES;
				CLANG_ENABLE_OBJC_ARC = YES;
				CLANG_WARN_BOOL_CONVERSION = YES;
				CLANG_WARN_CONSTANT_CONVERSION = YES;
				CLANG_WARN_DIRECT_OBJC_ISA_USAGE = YES_ERROR;
				CLANG_WARN_EMPTY_BODY = YES;
				CLANG_WARN_ENUM_CONVERSION = YES;
				CLANG_WARN_INT_CONVERSION = YES;
				CLANG_WARN_OBJC_ROOT_CLASS = YES_ERROR;
				CLANG_WARN_UNREACHABLE_CODE = YES;
				CLANG_WARN__DUPLICATE_METHOD_MATCH = YES;
				"CODE_SIGN_IDENTITY[sdk=iphoneos*]" = "iPhone Developer";
				COPY_PHASE_STRIP = NO;
				ENABLE_STRICT_OBJC_MSGSEND = YES;
				GCC_C_LANGUAGE_STANDARD = gnu99;
				GCC_DYNAMIC_NO_PIC = NO;
				GCC_OPTIMIZATION_LEVEL = 0;
				GCC_PREPROCESSOR_DEFINITIONS = (
					"DEBUG=1",
					"$(inherited)",
				);
				GCC_SYMBOLS_PRIVATE_EXTERN = NO;
				GCC_WARN_64_TO_32_BIT_CONVERSION = YES;
				GCC_WARN_ABOUT_RETURN_TYPE = YES_ERROR;
				GCC_WARN_UNDECLARED_SELECTOR = YES;
				GCC_WARN_UNINITIALIZED_AUTOS = YES_AGGRESSIVE;
				GCC_WARN_UNUSED_FUNCTION = YES;
				GCC_WARN_UNUSED_VARIABLE = YES;
				IPHONEOS_DEPLOYMENT_TARGET = 8.1;
				MTL_ENABLE_DEBUG_INFO = YES;
				ONLY_ACTIVE_ARCH = YES;
				SDKROOT = iphoneos;
			};
			name = Debug;
		};
		B370308A1A8A5FFD00C7BDD1 /* Release */ = {
			isa = XCBuildConfiguration;
			buildSettings = {
				ALWAYS_SEARCH_USER_PATHS = NO;
				CLANG_CXX_LANGUAGE_STANDARD = "gnu++0x";
				CLANG_CXX_LIBRARY = "libc++";
				CLANG_ENABLE_MODULES = YES;
				CLANG_ENABLE_OBJC_ARC = YES;
				CLANG_WARN_BOOL_CONVERSION = YES;
				CLANG_WARN_CONSTANT_CONVERSION = YES;
				CLANG_WARN_DIRECT_OBJC_ISA_USAGE = YES_ERROR;
				CLANG_WARN_EMPTY_BODY = YES;
				CLANG_WARN_ENUM_CONVERSION = YES;
				CLANG_WARN_INT_CONVERSION = YES;
				CLANG_WARN_OBJC_ROOT_CLASS = YES_ERROR;
				CLANG_WARN_UNREACHABLE_CODE = YES;
				CLANG_WARN__DUPLICATE_METHOD_MATCH = YES;
				"CODE_SIGN_IDENTITY[sdk=iphoneos*]" = "iPhone Developer";
				COPY_PHASE_STRIP = YES;
				ENABLE_NS_ASSERTIONS = NO;
				ENABLE_STRICT_OBJC_MSGSEND = YES;
				GCC_C_LANGUAGE_STANDARD = gnu99;
				GCC_WARN_64_TO_32_BIT_CONVERSION = YES;
				GCC_WARN_ABOUT_RETURN_TYPE = YES_ERROR;
				GCC_WARN_UNDECLARED_SELECTOR = YES;
				GCC_WARN_UNINITIALIZED_AUTOS = YES_AGGRESSIVE;
				GCC_WARN_UNUSED_FUNCTION = YES;
				GCC_WARN_UNUSED_VARIABLE = YES;
				IPHONEOS_DEPLOYMENT_TARGET = 8.1;
				MTL_ENABLE_DEBUG_INFO = NO;
				SDKROOT = iphoneos;
				VALIDATE_PRODUCT = YES;
			};
			name = Release;
		};
		B370308C1A8A5FFD00C7BDD1 /* Debug */ = {
			isa = XCBuildConfiguration;
			buildSettings = {
				ASSETCATALOG_COMPILER_APPICON_NAME = AppIcon;
				INFOPLIST_FILE = HttpRequestSample/Info.plist;
				LD_RUNPATH_SEARCH_PATHS = "$(inherited) @executable_path/Frameworks";
				PRODUCT_NAME = "$(TARGET_NAME)";
			};
			name = Debug;
		};
		B370308D1A8A5FFD00C7BDD1 /* Release */ = {
			isa = XCBuildConfiguration;
			buildSettings = {
				ASSETCATALOG_COMPILER_APPICON_NAME = AppIcon;
				INFOPLIST_FILE = HttpRequestSample/Info.plist;
				LD_RUNPATH_SEARCH_PATHS = "$(inherited) @executable_path/Frameworks";
				PRODUCT_NAME = "$(TARGET_NAME)";
			};
			name = Release;
		};
		B370308F1A8A5FFD00C7BDD1 /* Debug */ = {
			isa = XCBuildConfiguration;
			buildSettings = {
				BUNDLE_LOADER = "$(TEST_HOST)";
				FRAMEWORK_SEARCH_PATHS = (
					"$(SDKROOT)/Developer/Library/Frameworks",
					"$(inherited)",
				);
				GCC_PREPROCESSOR_DEFINITIONS = (
					"DEBUG=1",
					"$(inherited)",
				);
				INFOPLIST_FILE = HttpRequestSampleTests/Info.plist;
				LD_RUNPATH_SEARCH_PATHS = "$(inherited) @executable_path/Frameworks @loader_path/Frameworks";
				PRODUCT_NAME = "$(TARGET_NAME)";
				TEST_HOST = "$(BUILT_PRODUCTS_DIR)/HttpRequestSample.app/HttpRequestSample";
			};
			name = Debug;
		};
		B37030901A8A5FFD00C7BDD1 /* Release */ = {
			isa = XCBuildConfiguration;
			buildSettings = {
				BUNDLE_LOADER = "$(TEST_HOST)";
				FRAMEWORK_SEARCH_PATHS = (
					"$(SDKROOT)/Developer/Library/Frameworks",
					"$(inherited)",
				);
				INFOPLIST_FILE = HttpRequestSampleTests/Info.plist;
				LD_RUNPATH_SEARCH_PATHS = "$(inherited) @executable_path/Frameworks @loader_path/Frameworks";
				PRODUCT_NAME = "$(TARGET_NAME)";
				TEST_HOST = "$(BUILT_PRODUCTS_DIR)/HttpRequestSample.app/HttpRequestSample";
			};
			name = Release;
		};
/* End XCBuildConfiguration section */

/* Begin XCConfigurationList section */
		B37030631A8A5FFD00C7BDD1 /* Build configuration list for PBXProject "HttpRequestSample" */ = {
			isa = XCConfigurationList;
			buildConfigurations = (
				B37030891A8A5FFD00C7BDD1 /* Debug */,
				B370308A1A8A5FFD00C7BDD1 /* Release */,
			);
			defaultConfigurationIsVisible = 0;
			defaultConfigurationName = Release;
		};
		B370308B1A8A5FFD00C7BDD1 /* Build configuration list for PBXNativeTarget "HttpRequestSample" */ = {
			isa = XCConfigurationList;
			buildConfigurations = (
				B370308C1A8A5FFD00C7BDD1 /* Debug */,
				B370308D1A8A5FFD00C7BDD1 /* Release */,
			);
			defaultConfigurationIsVisible = 0;
		};
		B370308E1A8A5FFD00C7BDD1 /* Build configuration list for PBXNativeTarget "HttpRequestSampleTests" */ = {
			isa = XCConfigurationList;
			buildConfigurations = (
				B370308F1A8A5FFD00C7BDD1 /* Debug */,
				B37030901A8A5FFD00C7BDD1 /* Release */,
			);
			defaultConfigurationIsVisible = 0;
		};
/* End XCConfigurationList section */
	};
	rootObject = B37030601A8A5FFD00C7BDD1 /* Project object */;
}
